# generated by rye
# use `rye lock` or `rye sync` to update this lockfile
#
# last locked with the following flags:
#   pre: false
#   features: []
#   all-features: false
#   with-sources: false
#   generate-hashes: false
#   universal: false

-e file:core/macroz
    # via ezpz-pluginz
-e file:core/pluginz
    # via ezpz-rust-ti
    # via ezpz-ta
-e file:examples
-e file:plugins/ezpz-rust-ti
aiofiles==24.1.0
    # via ezpz-pluginz
annotated-types==0.7.0
    # via pydantic
cached-property==2.0.1
    # via ezpz-pluginz
click==8.2.1
    # via typer
jinja2==3.1.6
    # via ezpz-pluginz
libcst==1.8.0
    # via ezpz-pluginz
    # via painlezz-macroz
markdown-it-py==3.0.0
    # via rich
markupsafe==3.0.2
    # via jinja2
maturin==1.9.1
mdurl==0.1.2
    # via markdown-it-py
numpy==2.3.1
polars==1.31.0
    # via ezpz-rust-ti
    # via ezpz-ta
psycopg-binary==3.2.9
psycopg2-binary==2.9.10
pyarrow==20.0.0
    # via ezpz-rust-ti
    # via ezpz-ta
pydantic==2.11.5
    # via ezpz-pluginz
    # via painlezz-macroz
pydantic-core==2.33.2
    # via pydantic
pygments==2.19.2
    # via rich
pywatchman==3.0.0
    # via ezpz-pluginz
pyyaml-ft==8.0.0
    # via libcst
rich==14.0.0
    # via typer
shellingham==1.5.4
    # via typer
toml==0.10.2
    # via ezpz-pluginz
typer==0.16.0
    # via ezpz-pluginz
typing-extensions==4.14.1
    # via pydantic
    # via pydantic-core
    # via typer
    # via typing-inspection
typing-inspection==0.4.1
    # via pydantic
